
Microsoft Visual Studio Solution File, Format Version 12.00
# Visual Studio Version 16
VisualStudioVersion = 16.0.30104.148
MinimumVisualStudioVersion = 10.0.40219.1
Project("{FAE04EC0-301F-11D3-BF4B-00C04F79EFBC}") = "Visilabs.TraverseLog", "Visilabs.TraverseLog\Visilabs.TraverseLog.csproj", "{C1F6CFCB-6552-4F29-A3D9-677400AE36C6}"
EndProject
Global
	GlobalSection(SolutionConfigurationPlatforms) = preSolution
		Debug|Any CPU = Debug|Any CPU
		Release|Any CPU = Release|Any CPU
	EndGlobalSection
	GlobalSection(ProjectConfigurationPlatforms) = postSolution
		{C1F6CFCB-6552-4F29-A3D9-677400AE36C6}.Debug|Any CPU.ActiveCfg = Debug|Any CPU
		{C1F6CFCB-6552-4F29-A3D9-677400AE36C6}.Debug|Any CPU.Build.0 = Debug|Any CPU
		{C1F6CFCB-6552-4F29-A3D9-677400AE36C6}.Release|Any CPU.ActiveCfg = Release|Any CPU
		{C1F6CFCB-6552-4F29-A3D9-677400AE36C6}.Release|Any CPU.Build.0 = Release|Any CPU
	EndGlobalSection
	GlobalSection(SolutionProperties) = preSolution
		HideSolutionNode = FALSE
	EndGlobalSection
	GlobalSection(ExtensibilityGlobals) = postSolution
		SolutionGuid = {A6BBE7A9-E130-496F-B99C-5B565EF2B9DE}
	EndGlobalSection
EndGlobal
